
Microsoft Visual Studio Solution File, Format Version 12.00
# Visual Studio Version 17
VisualStudioVersion = 17.3.32901.215
MinimumVisualStudioVersion = 10.0.40219.1
Project("{FAE04EC0-301F-11D3-BF4B-00C04F79EFBC}") = "Utilities.PSql", "src\Utilities.PSql\Utilities.PSql.csproj", "{65A3BF07-0E0A-40A5-A577-A3923DBD3CBA}"
EndProject
Project("{9A19103F-16F7-4668-BE54-9A1E7A4F7556}") = "Utilities.Common.Sql", "src\Utilities.Common.Sql\Utilities.Common.Sql.csproj", "{45F512C5-EF87-41F6-93CA-6496CDEC4101}"
EndProject
Project("{9A19103F-16F7-4668-BE54-9A1E7A4F7556}") = "Utilities.Common.Data", "src\Utilities.Common.Data\Utilities.Common.Data.csproj", "{E47B9818-8CA0-4C98-ADE5-4A44A379E04F}"
EndProject
Project("{2150E333-8FDC-42A3-9474-1A3956D46DE8}") = "tests", "tests", "{EC29F9B9-9143-4369-A95B-B004EF827B0A}"
EndProject
Project("{FAE04EC0-301F-11D3-BF4B-00C04F79EFBC}") = "Utilities.Common.Data.UnitTests", "tests\Utilities.Common.Data.UnitTests\Utilities.Common.Data.UnitTests.csproj", "{08C6DC5E-3966-48BB-814F-E2AD08D85039}"
EndProject
Project("{FAE04EC0-301F-11D3-BF4B-00C04F79EFBC}") = "Utilities.PSql.UnitTests", "tests\Utilities.PSql.UnitTests\Utilities.PSql.UnitTests.csproj", "{C09A58EA-B771-47C7-B829-F63009E5C55A}"
EndProject
Project("{FAE04EC0-301F-11D3-BF4B-00C04F79EFBC}") = "Utilities.Common.Testing.Sql", "src\Utilities.Common.Testing.Sql\Utilities.Common.Testing.Sql.csproj", "{FE7592FA-E3FB-409A-B3E4-C38A5E144B62}"
EndProject
Project("{FAE04EC0-301F-11D3-BF4B-00C04F79EFBC}") = "Utilities.Common.Testing.Sql.UnitTests", "tests\Utilities.Common.Testing.Sql.UnitTests\Utilities.Common.Testing.Sql.UnitTests.csproj", "{694C4535-F202-4A5F-B331-290DDC3B335D}"
EndProject
Project("{FAE04EC0-301F-11D3-BF4B-00C04F79EFBC}") = "Utilities.TSql", "src\Utilities.TSql\Utilities.TSql.csproj", "{1B79F53A-3016-4E0E-A3B4-814769E1F259}"
EndProject
Project("{FAE04EC0-301F-11D3-BF4B-00C04F79EFBC}") = "Utilities.TSql.UnitTests", "tests\Utilities.TSql.UnitTests\Utilities.TSql.UnitTests.csproj", "{64810A41-ADB3-451F-8388-201F3362FCAF}"
EndProject
Project("{FAE04EC0-301F-11D3-BF4B-00C04F79EFBC}") = "Utilities.Sqlite", "src\Utilities.Sqlite\Utilities.Sqlite.csproj", "{2AD05710-2D48-46BB-91B3-FFB37CF1D293}"
EndProject
Project("{FAE04EC0-301F-11D3-BF4B-00C04F79EFBC}") = "Utilities.Sqlite.UnitTests", "tests\Utilities.Sqlite.UnitTests\Utilities.Sqlite.UnitTests.csproj", "{F5F0EB90-16F9-4923-B20E-33CBA1F29866}"
EndProject
Project("{FAE04EC0-301F-11D3-BF4B-00C04F79EFBC}") = "Utilities.MySql", "src\Utilities.MySql\Utilities.MySql.csproj", "{B2646BBE-2DDA-4A5F-A585-30A4BC125E85}"
EndProject
Global
	GlobalSection(SolutionConfigurationPlatforms) = preSolution
		Debug|Any CPU = Debug|Any CPU
		Release|Any CPU = Release|Any CPU
	EndGlobalSection
	GlobalSection(ProjectConfigurationPlatforms) = postSolution
		{65A3BF07-0E0A-40A5-A577-A3923DBD3CBA}.Debug|Any CPU.ActiveCfg = Debug|Any CPU
		{65A3BF07-0E0A-40A5-A577-A3923DBD3CBA}.Debug|Any CPU.Build.0 = Debug|Any CPU
		{65A3BF07-0E0A-40A5-A577-A3923DBD3CBA}.Release|Any CPU.ActiveCfg = Release|Any CPU
		{65A3BF07-0E0A-40A5-A577-A3923DBD3CBA}.Release|Any CPU.Build.0 = Release|Any CPU
		{45F512C5-EF87-41F6-93CA-6496CDEC4101}.Debug|Any CPU.ActiveCfg = Debug|Any CPU
		{45F512C5-EF87-41F6-93CA-6496CDEC4101}.Debug|Any CPU.Build.0 = Debug|Any CPU
		{45F512C5-EF87-41F6-93CA-6496CDEC4101}.Release|Any CPU.ActiveCfg = Release|Any CPU
		{45F512C5-EF87-41F6-93CA-6496CDEC4101}.Release|Any CPU.Build.0 = Release|Any CPU
		{E47B9818-8CA0-4C98-ADE5-4A44A379E04F}.Debug|Any CPU.ActiveCfg = Debug|Any CPU
		{E47B9818-8CA0-4C98-ADE5-4A44A379E04F}.Debug|Any CPU.Build.0 = Debug|Any CPU
		{E47B9818-8CA0-4C98-ADE5-4A44A379E04F}.Release|Any CPU.ActiveCfg = Release|Any CPU
		{E47B9818-8CA0-4C98-ADE5-4A44A379E04F}.Release|Any CPU.Build.0 = Release|Any CPU
		{08C6DC5E-3966-48BB-814F-E2AD08D85039}.Debug|Any CPU.ActiveCfg = Debug|Any CPU
		{08C6DC5E-3966-48BB-814F-E2AD08D85039}.Debug|Any CPU.Build.0 = Debug|Any CPU
		{08C6DC5E-3966-48BB-814F-E2AD08D85039}.Release|Any CPU.ActiveCfg = Release|Any CPU
		{08C6DC5E-3966-48BB-814F-E2AD08D85039}.Release|Any CPU.Build.0 = Release|Any CPU
		{C09A58EA-B771-47C7-B829-F63009E5C55A}.Debug|Any CPU.ActiveCfg = Debug|Any CPU
		{C09A58EA-B771-47C7-B829-F63009E5C55A}.Debug|Any CPU.Build.0 = Debug|Any CPU
		{C09A58EA-B771-47C7-B829-F63009E5C55A}.Release|Any CPU.ActiveCfg = Release|Any CPU
		{C09A58EA-B771-47C7-B829-F63009E5C55A}.Release|Any CPU.Build.0 = Release|Any CPU
		{FE7592FA-E3FB-409A-B3E4-C38A5E144B62}.Debug|Any CPU.ActiveCfg = Debug|Any CPU
		{FE7592FA-E3FB-409A-B3E4-C38A5E144B62}.Debug|Any CPU.Build.0 = Debug|Any CPU
		{FE7592FA-E3FB-409A-B3E4-C38A5E144B62}.Release|Any CPU.ActiveCfg = Release|Any CPU
		{FE7592FA-E3FB-409A-B3E4-C38A5E144B62}.Release|Any CPU.Build.0 = Release|Any CPU
		{694C4535-F202-4A5F-B331-290DDC3B335D}.Debug|Any CPU.ActiveCfg = Debug|Any CPU
		{694C4535-F202-4A5F-B331-290DDC3B335D}.Debug|Any CPU.Build.0 = Debug|Any CPU
		{694C4535-F202-4A5F-B331-290DDC3B335D}.Release|Any CPU.ActiveCfg = Release|Any CPU
		{694C4535-F202-4A5F-B331-290DDC3B335D}.Release|Any CPU.Build.0 = Release|Any CPU
		{1B79F53A-3016-4E0E-A3B4-814769E1F259}.Debug|Any CPU.ActiveCfg = Debug|Any CPU
		{1B79F53A-3016-4E0E-A3B4-814769E1F259}.Debug|Any CPU.Build.0 = Debug|Any CPU
		{1B79F53A-3016-4E0E-A3B4-814769E1F259}.Release|Any CPU.ActiveCfg = Release|Any CPU
		{1B79F53A-3016-4E0E-A3B4-814769E1F259}.Release|Any CPU.Build.0 = Release|Any CPU
		{64810A41-ADB3-451F-8388-201F3362FCAF}.Debug|Any CPU.ActiveCfg = Debug|Any CPU
		{64810A41-ADB3-451F-8388-201F3362FCAF}.Debug|Any CPU.Build.0 = Debug|Any CPU
		{64810A41-ADB3-451F-8388-201F3362FCAF}.Release|Any CPU.ActiveCfg = Release|Any CPU
		{64810A41-ADB3-451F-8388-201F3362FCAF}.Release|Any CPU.Build.0 = Release|Any CPU
		{2AD05710-2D48-46BB-91B3-FFB37CF1D293}.Debug|Any CPU.ActiveCfg = Debug|Any CPU
		{2AD05710-2D48-46BB-91B3-FFB37CF1D293}.Debug|Any CPU.Build.0 = Debug|Any CPU
		{2AD05710-2D48-46BB-91B3-FFB37CF1D293}.Release|Any CPU.ActiveCfg = Release|Any CPU
		{2AD05710-2D48-46BB-91B3-FFB37CF1D293}.Release|Any CPU.Build.0 = Release|Any CPU
		{F5F0EB90-16F9-4923-B20E-33CBA1F29866}.Debug|Any CPU.ActiveCfg = Debug|Any CPU
		{F5F0EB90-16F9-4923-B20E-33CBA1F29866}.Debug|Any CPU.Build.0 = Debug|Any CPU
		{F5F0EB90-16F9-4923-B20E-33CBA1F29866}.Release|Any CPU.ActiveCfg = Release|Any CPU
		{F5F0EB90-16F9-4923-B20E-33CBA1F29866}.Release|Any CPU.Build.0 = Release|Any CPU
		{B2646BBE-2DDA-4A5F-A585-30A4BC125E85}.Debug|Any CPU.ActiveCfg = Debug|Any CPU
		{B2646BBE-2DDA-4A5F-A585-30A4BC125E85}.Debug|Any CPU.Build.0 = Debug|Any CPU
		{B2646BBE-2DDA-4A5F-A585-30A4BC125E85}.Release|Any CPU.ActiveCfg = Release|Any CPU
		{B2646BBE-2DDA-4A5F-A585-30A4BC125E85}.Release|Any CPU.Build.0 = Release|Any CPU
	EndGlobalSection
	GlobalSection(SolutionProperties) = preSolution
		HideSolutionNode = FALSE
	EndGlobalSection
	GlobalSection(NestedProjects) = preSolution
		{08C6DC5E-3966-48BB-814F-E2AD08D85039} = {EC29F9B9-9143-4369-A95B-B004EF827B0A}
		{C09A58EA-B771-47C7-B829-F63009E5C55A} = {EC29F9B9-9143-4369-A95B-B004EF827B0A}
		{694C4535-F202-4A5F-B331-290DDC3B335D} = {EC29F9B9-9143-4369-A95B-B004EF827B0A}
		{64810A41-ADB3-451F-8388-201F3362FCAF} = {EC29F9B9-9143-4369-A95B-B004EF827B0A}
		{F5F0EB90-16F9-4923-B20E-33CBA1F29866} = {EC29F9B9-9143-4369-A95B-B004EF827B0A}
	EndGlobalSection
	GlobalSection(ExtensibilityGlobals) = postSolution
		SolutionGuid = {F699EB73-B6CA-4467-B14C-2D18869AFFF4}
	EndGlobalSection
EndGlobal
